
Microsoft Visual Studio Solution File, Format Version 12.00
# Visual Studio 15
VisualStudioVersion = 15.0.27703.2042
MinimumVisualStudioVersion = 10.0.40219.1
Project("{FAE04EC0-301F-11D3-BF4B-00C04F79EFBC}") = "UI.Web", "UI.Web\UI.Web.csproj", "{32885E45-4313-499E-A97D-31C9F65C757C}"
EndProject
Project("{FAE04EC0-301F-11D3-BF4B-00C04F79EFBC}") = "UI.Desktop", "UI.Desktop\UI.Desktop.csproj", "{3C47C00B-8214-4E69-8184-80DB6E5D3878}"
EndProject
Project("{FAE04EC0-301F-11D3-BF4B-00C04F79EFBC}") = "Library.Class", "Library.Class\Library.Class.csproj", "{56C19891-4594-40E0-A9A8-9B65B2DA01D2}"
EndProject
Project("{FAE04EC0-301F-11D3-BF4B-00C04F79EFBC}") = "UI.Business", "UI.Business\UI.Business.csproj", "{C1F785AA-A6B5-4086-9FB3-09CD64D47926}"
EndProject
Global
	GlobalSection(SolutionConfigurationPlatforms) = preSolution
		Debug|Any CPU = Debug|Any CPU
		Release|Any CPU = Release|Any CPU
	EndGlobalSection
	GlobalSection(ProjectConfigurationPlatforms) = postSolution
		{32885E45-4313-499E-A97D-31C9F65C757C}.Debug|Any CPU.ActiveCfg = Debug|Any CPU
		{32885E45-4313-499E-A97D-31C9F65C757C}.Debug|Any CPU.Build.0 = Debug|Any CPU
		{32885E45-4313-499E-A97D-31C9F65C757C}.Release|Any CPU.ActiveCfg = Release|Any CPU
		{32885E45-4313-499E-A97D-31C9F65C757C}.Release|Any CPU.Build.0 = Release|Any CPU
		{3C47C00B-8214-4E69-8184-80DB6E5D3878}.Debug|Any CPU.ActiveCfg = Debug|Any CPU
		{3C47C00B-8214-4E69-8184-80DB6E5D3878}.Debug|Any CPU.Build.0 = Debug|Any CPU
		{3C47C00B-8214-4E69-8184-80DB6E5D3878}.Release|Any CPU.ActiveCfg = Release|Any CPU
		{3C47C00B-8214-4E69-8184-80DB6E5D3878}.Release|Any CPU.Build.0 = Release|Any CPU
		{56C19891-4594-40E0-A9A8-9B65B2DA01D2}.Debug|Any CPU.ActiveCfg = Debug|Any CPU
		{56C19891-4594-40E0-A9A8-9B65B2DA01D2}.Debug|Any CPU.Build.0 = Debug|Any CPU
		{56C19891-4594-40E0-A9A8-9B65B2DA01D2}.Release|Any CPU.ActiveCfg = Release|Any CPU
		{56C19891-4594-40E0-A9A8-9B65B2DA01D2}.Release|Any CPU.Build.0 = Release|Any CPU
		{C1F785AA-A6B5-4086-9FB3-09CD64D47926}.Debug|Any CPU.ActiveCfg = Debug|Any CPU
		{C1F785AA-A6B5-4086-9FB3-09CD64D47926}.Debug|Any CPU.Build.0 = Debug|Any CPU
		{C1F785AA-A6B5-4086-9FB3-09CD64D47926}.Release|Any CPU.ActiveCfg = Release|Any CPU
		{C1F785AA-A6B5-4086-9FB3-09CD64D47926}.Release|Any CPU.Build.0 = Release|Any CPU
	EndGlobalSection
	GlobalSection(SolutionProperties) = preSolution
		HideSolutionNode = FALSE
	EndGlobalSection
	GlobalSection(ExtensibilityGlobals) = postSolution
		SolutionGuid = {666F9DFB-348C-4B04-A02B-BC5A9E2BDD56}
	EndGlobalSection
EndGlobal
